<?xml version="1.0" encoding="UTF-8"?>
<Scheme
   LastUpgradeVersion="1430"
   version="1.3"
   >
   <BuildAction
      parallelizeBuildables="YES"
      buildImplicitDependencies="YES"
      >
      <BuildActionEntries>
         <BuildActionEntry
            buildForTesting="YES"
            buildForRunning="YES"
            buildForProfiling="YES"
            buildForArchiving="YES"
            buildForAnalyzing="YES"
            >
            <BuildableReference
               BuildableIdentifier="primary"
               BlueprintIdentifier="1BE55B3458044ABDBBE6797A"
               BuildableName="PolySynth.clap/Contents/MacOS/PolySynth"
               BlueprintName="PolySynth-clap"
               ReferencedContainer="container:/Users/ashokfernandez/Software/PolySynth/build_desktop_asan/PolySynth.xcodeproj"/>
         </BuildActionEntry>
      </BuildActionEntries>
   </BuildAction>
   <TestAction
      buildConfiguration="Debug"
      selectedDebuggerIdentifier="Xcode.DebuggerFoundation.Debugger.LLDB"
      selectedLauncherIdentifier="Xcode.DebuggerFoundation.Launcher.LLDB"
      shouldUseLaunchSchemeArgsEnv="YES"
      >
      <Testables/>
      <AdditionalOptions/>
   </TestAction>
   <LaunchAction
      buildConfiguration="Debug"
      selectedDebuggerIdentifier="Xcode.DebuggerFoundation.Debugger.LLDB"
      selectedLauncherIdentifier="Xcode.DebuggerFoundation.Launcher.LLDB"
      launchStyle="0"
      useCustomWorkingDirectory="NO"
      ignoresPersistentStateOnLaunch="NO"
      debugDocumentVersioning="NO"
      debugServiceExtension="internal"
      allowLocationSimulation="YES"
      >
      <MacroExpansion>
         <BuildableReference
            BuildableIdentifier="primary"
            BlueprintIdentifier="1BE55B3458044ABDBBE6797A"
            BuildableName="PolySynth.clap/Contents/MacOS/PolySynth"
            BlueprintName="PolySynth-clap"
            ReferencedContainer="container:/Users/ashokfernandez/Software/PolySynth/build_desktop_asan/PolySynth.xcodeproj"/>
      </MacroExpansion>
      <AdditionalOptions/>
   </LaunchAction>
   <ProfileAction
      buildConfiguration="Release"
      shouldUseLaunchSchemeArgsEnv="YES"
      savedToolIdentifier=""
      useCustomWorkingDirectory="NO"
      debugDocumentVersioning="NO"/>
   <AnalyzeAction
      buildConfiguration="Debug"/>
   <ArchiveAction
      buildConfiguration="Release"
      revealArchiveInOrganizer="YES"/>
</Scheme>